
Microsoft Visual Studio Solution File, Format Version 12.00
Project("{FAE04EC0-301F-11D3-BF4B-00C04F79EFBC}") = "task", "task.csproj", "{3B57CBE6-B1B4-4FED-B1F3-063BD2EDA57D}"
EndProject
Global
	GlobalSection(SolutionConfigurationPlatforms) = preSolution
		Debug|Any CPU = Debug|Any CPU
		Release|Any CPU = Release|Any CPU
	EndGlobalSection
	GlobalSection(ProjectConfigurationPlatforms) = postSolution
		{3B57CBE6-B1B4-4FED-B1F3-063BD2EDA57D}.Debug|Any CPU.ActiveCfg = Debug|Any CPU
		{3B57CBE6-B1B4-4FED-B1F3-063BD2EDA57D}.Debug|Any CPU.Build.0 = Debug|Any CPU
		{3B57CBE6-B1B4-4FED-B1F3-063BD2EDA57D}.Release|Any CPU.ActiveCfg = Release|Any CPU
		{3B57CBE6-B1B4-4FED-B1F3-063BD2EDA57D}.Release|Any CPU.Build.0 = Release|Any CPU
	EndGlobalSection
EndGlobal
